//Written By Kadin Meyer
// 1/27/2025

namespace AreaCalculator
{
    public class Triangle
    {
        static void Main(string[] args)
        {
            AreaOfTriangle.Area aArea1 = new AreaOfTriangle.Area();

            Console.WriteLine("Enter your Base: ");
            int Base = Convert.ToInt32(Console.ReadLine());

            Console.WriteLine("Enter your Height: ");
            int Height = Convert.ToInt32(Console.ReadLine());

  
            aArea1.BaseTri = Base;
            aArea1.HeightTri = Height;  

            Console.WriteLine("Your Area: " + aArea1.calcArea());



        }
    }
}
	GlobalSection(SolutionProperties) = preSolution
		HideSolutionNode = FALSE
	EndGlobalSection
EndGlobal
